{
  "name": "frappejs",
  "version": "0.0.9",
  "lockfileVersion": 1,
  "requires": true,
  "dependencies": {
    "core-util-is": {
      "version": "1.0.2",
      "resolved": "https://registry.npmjs.org/core-util-is/-/core-util-is-1.0.2.tgz",
      "integrity": "sha1-tf1UIgqivFq1eqtxQMlAdUUDwac="
    },
    "emailjs-addressparser": {
      "version": "2.0.2",
      "resolved": "https://registry.npmjs.org/emailjs-addressparser/-/emailjs-addressparser-2.0.2.tgz",
      "integrity": "sha512-E6ztFf1ePtZEwqfN3aWsvZNcpBeDqgJbVL4D32dckHkcwdhJ1bhlE4MLvHBf/IoXQmJBgkKlwGP5/5l11EE5OQ=="
    },
    "emailjs-base64": {
      "version": "1.1.4",
      "resolved": "https://registry.npmjs.org/emailjs-base64/-/emailjs-base64-1.1.4.tgz",
      "integrity": "sha512-4h0xp1jgVTnIQBHxSJWXWanNnmuc5o+k4aHEpcLXSToN8asjB5qbXAexs7+PEsUKcEyBteNYsSvXUndYT2CGGA=="
    },
    "emailjs-imap-client": {
      "version": "3.0.7",
      "resolved": "https://registry.npmjs.org/emailjs-imap-client/-/emailjs-imap-client-3.0.7.tgz",
      "integrity": "sha512-iBgoo+l/Dt86qFfaKlvlvNBAL4cKywvuNXzsu0RWK9eozETE3Okfhm3wDX9KPpdViM4uBE/roaM2PfibrtlQtA==",
      "requires": {
        "emailjs-addressparser": "2.0.2",
        "emailjs-base64": "1.1.4",
        "emailjs-imap-handler": "3.0.2",
        "emailjs-mime-codec": "2.0.7",
        "emailjs-tcp-socket": "2.0.2",
        "emailjs-utf7": "4.0.1",
        "pako": "1.0.6",
        "ramda": "0.25.0"
      }
    },
    "emailjs-imap-handler": {
      "version": "3.0.2",
      "resolved": "https://registry.npmjs.org/emailjs-imap-handler/-/emailjs-imap-handler-3.0.2.tgz",
      "integrity": "sha512-hngAGSBVyWYjX8iEWv7rB5xvxR4h+7FCU4HUATTvqE9ALOaeEQ+j9ul9qwR9voR7EUJDzkafu3FFa72A0gnJpg==",
      "requires": {
        "ramda": "0.25.0"
      }
    },
    "emailjs-mime-codec": {
      "version": "2.0.7",
      "resolved": "https://registry.npmjs.org/emailjs-mime-codec/-/emailjs-mime-codec-2.0.7.tgz",
      "integrity": "sha512-Jeg3L2/39Bpi8bFfnVEPm1iGPSyYCrPmMkjhimmy9ao/PFtcXJaGcANQWvWciH+jUcOn5Pto+MMCYOI1h7pNxA==",
      "requires": {
        "emailjs-base64": "1.1.4",
        "ramda": "0.25.0",
        "text-encoding": "0.6.4"
      }
    },
    "emailjs-mime-parser": {
      "version": "2.0.5",
      "resolved": "https://registry.npmjs.org/emailjs-mime-parser/-/emailjs-mime-parser-2.0.5.tgz",
      "integrity": "sha512-Bs2n1OfnVhMhRzn0ULWFzx+WiiaUUo6Yji5WpiHDf/XIDmwm5LIZLk48UIBMdYv7QIo8mz1dRpzoBKcuIlgiLw==",
      "requires": {
        "emailjs-addressparser": "2.0.2",
        "emailjs-mime-codec": "2.0.7",
        "ramda": "0.25.0"
      }
    },
    "emailjs-tcp-socket": {
      "version": "2.0.2",
      "resolved": "https://registry.npmjs.org/emailjs-tcp-socket/-/emailjs-tcp-socket-2.0.2.tgz",
      "integrity": "sha512-ro2G1WS7UQwFNpjrWRK6awjsBjG00Y4AxSEvuG1YUORzIqnzdOUVmaHnptZ8UFDPYglsu8O4nm6+luflmTy3Qg==",
      "requires": {
        "node-forge": "0.7.5",
        "ramda": "0.25.0"
      }
    },
    "emailjs-utf7": {
      "version": "4.0.1",
      "resolved": "https://registry.npmjs.org/emailjs-utf7/-/emailjs-utf7-4.0.1.tgz",
      "integrity": "sha512-bvBpXUEr3alogZjqwVasCKSjfzxleQ1TeO9NBtG4FvS2nfQDvzSW2gqEU0VcZJ6hD/xGl5j0kZiGegPHvgVyww==",
      "requires": {
        "emailjs-base64": "1.1.4"
      }
    },
    "imap": {
      "version": "0.8.19",
      "resolved": "https://registry.npmjs.org/imap/-/imap-0.8.19.tgz",
      "integrity": "sha1-NniHOTSrCc6mukh0HyhNoq9Z2NU=",
      "requires": {
        "readable-stream": "1.1.14",
        "utf7": "1.0.2"
      }
    },
    "inherits": {
      "version": "2.0.3",
      "resolved": "https://registry.npmjs.org/inherits/-/inherits-2.0.3.tgz",
      "integrity": "sha1-Yzwsg+PaQqUC9SRmAiSA9CCCYd4="
    },
    "isarray": {
      "version": "0.0.1",
      "resolved": "https://registry.npmjs.org/isarray/-/isarray-0.0.1.tgz",
      "integrity": "sha1-ihis/Kmo9Bd+Cav8YDiTmwXR7t8="
    },
    "node-forge": {
      "version": "0.7.5",
      "resolved": "https://registry.npmjs.org/node-forge/-/node-forge-0.7.5.tgz",
      "integrity": "sha512-MmbQJ2MTESTjt3Gi/3yG1wGpIMhUfcIypUCGtTizFR9IiccFwxSpfp0vtIZlkFclEqERemxfnSdZEMR9VqqEFQ=="
    },
    "nodemailer": {
      "version": "4.6.6",
      "resolved": "https://registry.npmjs.org/nodemailer/-/nodemailer-4.6.6.tgz",
      "integrity": "sha512-sIcM/Do0XBJmu7ruENLoR+4TCk0B4C1ftqRjWrVeoez9Dt23SmL9bXKqswVqyxuT/RdK8TKWciZvxHykerXCRw=="
    },
    "pako": {
      "version": "1.0.6",
      "resolved": "https://registry.npmjs.org/pako/-/pako-1.0.6.tgz",
      "integrity": "sha512-lQe48YPsMJAig+yngZ87Lus+NF+3mtu7DVOBu6b/gHO1YpKwIj5AWjZ/TOS7i46HD/UixzWb1zeWDZfGZ3iYcg=="
    },
    "ramda": {
      "version": "0.25.0",
      "resolved": "https://registry.npmjs.org/ramda/-/ramda-0.25.0.tgz",
      "integrity": "sha512-GXpfrYVPwx3K7RQ6aYT8KPS8XViSXUVJT1ONhoKPE9VAleW42YE+U+8VEyGWt41EnEQW7gwecYJriTI0pKoecQ=="
    },
    "readable-stream": {
      "version": "1.1.14",
      "resolved": "https://registry.npmjs.org/readable-stream/-/readable-stream-1.1.14.tgz",
      "integrity": "sha1-fPTFTvZI44EwhMY23SB54WbAgdk=",
      "requires": {
        "core-util-is": "1.0.2",
        "inherits": "2.0.3",
        "isarray": "0.0.1",
        "string_decoder": "0.10.31"
      }
    },
    "semver": {
      "version": "5.3.0",
      "resolved": "https://registry.npmjs.org/semver/-/semver-5.3.0.tgz",
      "integrity": "sha1-myzl094C0XxgEq0yaqa00M9U+U8="
    },
    "string_decoder": {
      "version": "0.10.31",
      "resolved": "https://registry.npmjs.org/string_decoder/-/string_decoder-0.10.31.tgz",
      "integrity": "sha1-YuIDvEF2bGwoyfyEMB2rHFMQ+pQ="
    },
    "text-encoding": {
      "version": "0.6.4",
      "resolved": "https://registry.npmjs.org/text-encoding/-/text-encoding-0.6.4.tgz",
      "integrity": "sha1-45mpgiV6J22uQou5KEXLcb3CbRk="
    },
    "utf7": {
      "version": "1.0.2",
      "resolved": "https://registry.npmjs.org/utf7/-/utf7-1.0.2.tgz",
      "integrity": "sha1-lV9JCq5lO6IguUVqCod2wZk2CZE=",
      "requires": {
        "semver": "5.3.0"
      }
    }
  }
}
